
Microsoft Visual Studio Solution File, Format Version 12.00
# Visual Studio Version 17
VisualStudioVersion = 17.11.35303.130
MinimumVisualStudioVersion = 10.0.40219.1
Project("{FAE04EC0-301F-11D3-BF4B-00C04F79EFBC}") = "trpo_8", "trpo_8\trpo_8.csproj", "{B20DC7D8-5377-40CE-9D76-AEAE860CDFFD}"
EndProject
Global
	GlobalSection(SolutionConfigurationPlatforms) = preSolution
		Debug|Any CPU = Debug|Any CPU
		Release|Any CPU = Release|Any CPU
	EndGlobalSection
	GlobalSection(ProjectConfigurationPlatforms) = postSolution
		{B20DC7D8-5377-40CE-9D76-AEAE860CDFFD}.Debug|Any CPU.ActiveCfg = Debug|Any CPU
		{B20DC7D8-5377-40CE-9D76-AEAE860CDFFD}.Debug|Any CPU.Build.0 = Debug|Any CPU
		{B20DC7D8-5377-40CE-9D76-AEAE860CDFFD}.Release|Any CPU.ActiveCfg = Release|Any CPU
		{B20DC7D8-5377-40CE-9D76-AEAE860CDFFD}.Release|Any CPU.Build.0 = Release|Any CPU
	EndGlobalSection
	GlobalSection(SolutionProperties) = preSolution
		HideSolutionNode = FALSE
	EndGlobalSection
	GlobalSection(ExtensibilityGlobals) = postSolution
		SolutionGuid = {B6B0E70A-CFB9-4906-9CBA-7723FD6744F9}
	EndGlobalSection
EndGlobal
